// !$*UTF8*$!
{
	archiveVersion = 1;
	classes = {
	};
	objectVersion = 48;
	objects = {

/* Begin PBXBuildFile section */
		150B7D5120A8F61100C5B693 /* Launch_Logo.png in Resources */ = {isa = PBXBuildFile; fileRef = 150B7D5020A8F61100C5B693 /* Launch_Logo.png */; };
		153CAA072097EDE900CBA178 /* AppDelegate.swift in Sources */ = {isa = PBXBuildFile; fileRef = 153CAA062097EDE900CBA178 /* AppDelegate.swift */; };
		153CAA092097EDE900CBA178 /* ViewController.swift in Sources */ = {isa = PBXBuildFile; fileRef = 153CAA082097EDE900CBA178 /* ViewController.swift */; };
		153CAA0C2097EDE900CBA178 /* Main.storyboard in Resources */ = {isa = PBXBuildFile; fileRef = 153CAA0A2097EDE900CBA178 /* Main.storyboard */; };
		153CAA0E2097EDE900CBA178 /* Assets.xcassets in Resources */ = {isa = PBXBuildFile; fileRef = 153CAA0D2097EDE900CBA178 /* Assets.xcassets */; };
		153CAA112097EDE900CBA178 /* LaunchScreen.storyboard in Resources */ = {isa = PBXBuildFile; fileRef = 153CAA0F2097EDE900CBA178 /* LaunchScreen.storyboard */; };
		15F0BFAB20A7B816007D4B5E /* BWWalkthroughViewController.swift in Sources */ = {isa = PBXBuildFile; fileRef = 15F0BFA920A7B816007D4B5E /* BWWalkthroughViewController.swift */; };
		15F0BFAC20A7B816007D4B5E /* BWWalkthroughPageViewController.swift in Sources */ = {isa = PBXBuildFile; fileRef = 15F0BFAA20A7B816007D4B5E /* BWWalkthroughPageViewController.swift */; };
/* End PBXBuildFile section */

/* Begin PBXFileReference section */
		150B7D5020A8F61100C5B693 /* Launch_Logo.png */ = {isa = PBXFileReference; lastKnownFileType = image.png; path = Launch_Logo.png; sourceTree = "<group>"; };
		150B7D5220A910C300C5B693 /* Meditate.entitlements */ = {isa = PBXFileReference; lastKnownFileType = text.plist.entitlements; path = Meditate.entitlements; sourceTree = "<group>"; };
		153CAA032097EDE900CBA178 /* Meditate.app */ = {isa = PBXFileReference; explicitFileType = wrapper.application; includeInIndex = 0; path = Meditate.app; sourceTree = BUILT_PRODUCTS_DIR; };
		153CAA062097EDE900CBA178 /* AppDelegate.swift */ = {isa = PBXFileReference; lastKnownFileType = sourcecode.swift; path = AppDelegate.swift; sourceTree = "<group>"; };
		153CAA082097EDE900CBA178 /* ViewController.swift */ = {isa = PBXFileReference; lastKnownFileType = sourcecode.swift; path = ViewController.swift; sourceTree = "<group>"; };
		153CAA0B2097EDE900CBA178 /* Base */ = {isa = PBXFileReference; lastKnownFileType = file.storyboard; name = Base; path = Base.lproj/Main.storyboard; sourceTree = "<group>"; };
		153CAA0D2097EDE900CBA178 /* Assets.xcassets */ = {isa = PBXFileReference; lastKnownFileType = folder.assetcatalog; path = Assets.xcassets; sourceTree = "<group>"; };
		153CAA102097EDE900CBA178 /* Base */ = {isa = PBXFileReference; lastKnownFileType = file.storyboard; name = Base; path = Base.lproj/LaunchScreen.storyboard; sourceTree = "<group>"; };
		153CAA122097EDE900CBA178 /* Info.plist */ = {isa = PBXFileReference; lastKnownFileType = text.plist.xml; path = Info.plist; sourceTree = "<group>"; };
		15F0BFA920A7B816007D4B5E /* BWWalkthroughViewController.swift */ = {isa = PBXFileReference; fileEncoding = 4; lastKnownFileType = sourcecode.swift; path = BWWalkthroughViewController.swift; sourceTree = "<group>"; };
		15F0BFAA20A7B816007D4B5E /* BWWalkthroughPageViewController.swift */ = {isa = PBXFileReference; fileEncoding = 4; lastKnownFileType = sourcecode.swift; path = BWWalkthroughPageViewController.swift; sourceTree = "<group>"; };
/* End PBXFileReference section */

/* Begin PBXFrameworksBuildPhase section */
		153CAA002097EDE900CBA178 /* Frameworks */ = {
			isa = PBXFrameworksBuildPhase;
			buildActionMask = 2147483647;
			files = (
			);
			runOnlyForDeploymentPostprocessing = 0;
		};
/* End PBXFrameworksBuildPhase section */

/* Begin PBXGroup section */
		150B7D5320A910C300C5B693 /* Frameworks */ = {
			isa = PBXGroup;
			children = (
			);
			name = Frameworks;
			sourceTree = "<group>";
		};
		153CA9FA2097EDE900CBA178 = {
			isa = PBXGroup;
			children = (
				153CAA052097EDE900CBA178 /* Meditate */,
				153CAA042097EDE900CBA178 /* Products */,
				150B7D5320A910C300C5B693 /* Frameworks */,
			);
			sourceTree = "<group>";
		};
		153CAA042097EDE900CBA178 /* Products */ = {
			isa = PBXGroup;
			children = (
				153CAA032097EDE900CBA178 /* Meditate.app */,
			);
			name = Products;
			sourceTree = "<group>";
		};
		153CAA052097EDE900CBA178 /* Meditate */ = {
			isa = PBXGroup;
			children = (
				150B7D5220A910C300C5B693 /* Meditate.entitlements */,
				153CAA062097EDE900CBA178 /* AppDelegate.swift */,
				153CAA082097EDE900CBA178 /* ViewController.swift */,
				153CAA0A2097EDE900CBA178 /* Main.storyboard */,
				15F0BFAA20A7B816007D4B5E /* BWWalkthroughPageViewController.swift */,
				15F0BFA920A7B816007D4B5E /* BWWalkthroughViewController.swift */,
				153CAA0D2097EDE900CBA178 /* Assets.xcassets */,
				153CAA0F2097EDE900CBA178 /* LaunchScreen.storyboard */,
				150B7D5020A8F61100C5B693 /* Launch_Logo.png */,
				153CAA122097EDE900CBA178 /* Info.plist */,
			);
			path = Meditate;
			sourceTree = "<group>";
		};
/* End PBXGroup section */

/* Begin PBXNativeTarget section */
		153CAA022097EDE900CBA178 /* Meditate */ = {
			isa = PBXNativeTarget;
			buildConfigurationList = 153CAA152097EDE900CBA178 /* Build configuration list for PBXNativeTarget "Meditate" */;
			buildPhases = (
				153CA9FF2097EDE900CBA178 /* Sources */,
				153CAA002097EDE900CBA178 /* Frameworks */,
				153CAA012097EDE900CBA178 /* Resources */,
			);
			buildRules = (
			);
			dependencies = (
			);
			name = Meditate;
			productName = Meditate;
			productReference = 153CAA032097EDE900CBA178 /* Meditate.app */;
			productType = "com.apple.product-type.application";
		};
/* End PBXNativeTarget section */

/* Begin PBXProject section */
		153CA9FB2097EDE900CBA178 /* Project object */ = {
			isa = PBXProject;
			attributes = {
				LastSwiftUpdateCheck = 0920;
				LastUpgradeCheck = 0920;
				ORGANIZATIONNAME = paulwolo;
				TargetAttributes = {
					153CAA022097EDE900CBA178 = {
						CreatedOnToolsVersion = 9.2;
						ProvisioningStyle = Automatic;
						SystemCapabilities = {
							com.apple.HealthKit = {
								enabled = 0;
							};
						};
					};
				};
			};
			buildConfigurationList = 153CA9FE2097EDE900CBA178 /* Build configuration list for PBXProject "Meditate" */;
			compatibilityVersion = "Xcode 8.0";
			developmentRegion = en;
			hasScannedForEncodings = 0;
			knownRegions = (
				en,
				Base,
			);
			mainGroup = 153CA9FA2097EDE900CBA178;
			productRefGroup = 153CAA042097EDE900CBA178 /* Products */;
			projectDirPath = "";
			projectRoot = "";
			targets = (
				153CAA022097EDE900CBA178 /* Meditate */,
			);
		};
/* End PBXProject section */

/* Begin PBXResourcesBuildPhase section */
		153CAA012097EDE900CBA178 /* Resources */ = {
			isa = PBXResourcesBuildPhase;
			buildActionMask = 2147483647;
			files = (
				153CAA112097EDE900CBA178 /* LaunchScreen.storyboard in Resources */,
				150B7D5120A8F61100C5B693 /* Launch_Logo.png in Resources */,
				153CAA0E2097EDE900CBA178 /* Assets.xcassets in Resources */,
				153CAA0C2097EDE900CBA178 /* Main.storyboard in Resources */,
			);
			runOnlyForDeploymentPostprocessing = 0;
		};
/* End PBXResourcesBuildPhase section */

/* Begin PBXSourcesBuildPhase section */
		153CA9FF2097EDE900CBA178 /* Sources */ = {
			isa = PBXSourcesBuildPhase;
			buildActionMask = 2147483647;
			files = (
				153CAA092097EDE900CBA178 /* ViewController.swift in Sources */,
				15F0BFAC20A7B816007D4B5E /* BWWalkthroughPageViewController.swift in Sources */,
				153CAA072097EDE900CBA178 /* AppDelegate.swift in Sources */,
				15F0BFAB20A7B816007D4B5E /* BWWalkthroughViewController.swift in Sources */,
			);
			runOnlyForDeploymentPostprocessing = 0;
		};
/* End PBXSourcesBuildPhase section */

/* Begin PBXVariantGroup section */
		153CAA0A2097EDE900CBA178 /* Main.storyboard */ = {
			isa = PBXVariantGroup;
			children = (
				153CAA0B2097EDE900CBA178 /* Base */,
			);
			name = Main.storyboard;
			sourceTree = "<group>";
		};
		153CAA0F2097EDE900CBA178 /* LaunchScreen.storyboard */ = {
			isa = PBXVariantGroup;
			children = (
				153CAA102097EDE900CBA178 /* Base */,
			);
			name = LaunchScreen.storyboard;
			sourceTree = "<group>";
		};
/* End PBXVariantGroup section */

/* Begin XCBuildConfiguration section */
		153CAA132097EDE900CBA178 /* Debug */ = {
			isa = XCBuildConfiguration;
			buildSettings = {
				ALWAYS_SEARCH_USER_PATHS = NO;
				CLANG_ANALYZER_NONNULL = YES;
				CLANG_ANALYZER_NUMBER_OBJECT_CONVERSION = YES_AGGRESSIVE;
				CLANG_CXX_LANGUAGE_STANDARD = "gnu++14";
				CLANG_CXX_LIBRARY = "libc++";
				CLANG_ENABLE_MODULES = YES;
				CLANG_ENABLE_OBJC_ARC = YES;
				CLANG_WARN_BLOCK_CAPTURE_AUTORELEASING = YES;
				CLANG_WARN_BOOL_CONVERSION = YES;
				CLANG_WARN_COMMA = YES;
				CLANG_WARN_CONSTANT_CONVERSION = YES;
				CLANG_WARN_DIRECT_OBJC_ISA_USAGE = YES_ERROR;
				CLANG_WARN_DOCUMENTATION_COMMENTS = YES;
				CLANG_WARN_EMPTY_BODY = YES;
				CLANG_WARN_ENUM_CONVERSION = YES;
				CLANG_WARN_INFINITE_RECURSION = YES;
				CLANG_WARN_INT_CONVERSION = YES;
				CLANG_WARN_NON_LITERAL_NULL_CONVERSION = YES;
				CLANG_WARN_OBJC_LITERAL_CONVERSION = YES;
				CLANG_WARN_OBJC_ROOT_CLASS = YES_ERROR;
				CLANG_WARN_RANGE_LOOP_ANALYSIS = YES;
				CLANG_WARN_STRICT_PROTOTYPES = YES;
				CLANG_WARN_SUSPICIOUS_MOVE = YES;
				CLANG_WARN_UNGUARDED_AVAILABILITY = YES_AGGRESSIVE;
				CLANG_WARN_UNREACHABLE_CODE = YES;
				CLANG_WARN__DUPLICATE_METHOD_MATCH = YES;
				CODE_SIGN_IDENTITY = "iPhone Developer";
				COPY_PHASE_STRIP = NO;
				DEBUG_INFORMATION_FORMAT = dwarf;
				ENABLE_STRICT_OBJC_MSGSEND = YES;
				ENABLE_TESTABILITY = YES;
				GCC_C_LANGUAGE_STANDARD = gnu11;
				GCC_DYNAMIC_NO_PIC = NO;
				GCC_NO_COMMON_BLOCKS = YES;
				GCC_OPTIMIZATION_LEVEL = 0;
				GCC_PREPROCESSOR_DEFINITIONS = (
					"DEBUG=1",
					"$(inherited)",
				);
				GCC_WARN_64_TO_32_BIT_CONVERSION = YES;
				GCC_WARN_ABOUT_RETURN_TYPE = YES_ERROR;
				GCC_WARN_UNDECLARED_SELECTOR = YES;
				GCC_WARN_UNINITIALIZED_AUTOS = YES_AGGRESSIVE;
				GCC_WARN_UNUSED_FUNCTION = YES;
				GCC_WARN_UNUSED_VARIABLE = YES;
				IPHONEOS_DEPLOYMENT_TARGET = 11.2;
				MTL_ENABLE_DEBUG_INFO = YES;
				ONLY_ACTIVE_ARCH = YES;
				SDKROOT = iphoneos;
				SWIFT_ACTIVE_COMPILATION_CONDITIONS = DEBUG;
				SWIFT_OPTIMIZATION_LEVEL = "-Onone";
			};
			name = Debug;
		};
		153CAA142097EDE900CBA178 /* Release */ = {
			isa = XCBuildConfiguration;
			buildSettings = {
				ALWAYS_SEARCH_USER_PATHS = NO;
				CLANG_ANALYZER_NONNULL = YES;
				CLANG_ANALYZER_NUMBER_OBJECT_CONVERSION = YES_AGGRESSIVE;
				CLANG_CXX_LANGUAGE_STANDARD = "gnu++14";
				CLANG_CXX_LIBRARY = "libc++";
				CLANG_ENABLE_MODULES = YES;
				CLANG_ENABLE_OBJC_ARC = YES;
				CLANG_WARN_BLOCK_CAPTURE_AUTORELEASING = YES;
				CLANG_WARN_BOOL_CONVERSION = YES;
				CLANG_WARN_COMMA = YES;
				CLANG_WARN_CONSTANT_CONVERSION = YES;
				CLANG_WARN_DIRECT_OBJC_ISA_USAGE = YES_ERROR;
				CLANG_WARN_DOCUMENTATION_COMMENTS = YES;
				CLANG_WARN_EMPTY_BODY = YES;
				CLANG_WARN_ENUM_CONVERSION = YES;
				CLANG_WARN_INFINITE_RECURSION = YES;
				CLANG_WARN_INT_CONVERSION = YES;
				CLANG_WARN_NON_LITERAL_NULL_CONVERSION = YES;
				CLANG_WARN_OBJC_LITERAL_CONVERSION = YES;
				CLANG_WARN_OBJC_ROOT_CLASS = YES_ERROR;
				CLANG_WARN_RANGE_LOOP_ANALYSIS = YES;
				CLANG_WARN_STRICT_PROTOTYPES = YES;
				CLANG_WARN_SUSPICIOUS_MOVE = YES;
				CLANG_WARN_UNGUARDED_AVAILABILITY = YES_AGGRESSIVE;
				CLANG_WARN_UNREACHABLE_CODE = YES;
				CLANG_WARN__DUPLICATE_METHOD_MATCH = YES;
				CODE_SIGN_IDENTITY = "iPhone Developer";
				COPY_PHASE_STRIP = NO;
				DEBUG_INFORMATION_FORMAT = "dwarf-with-dsym";
				ENABLE_NS_ASSERTIONS = NO;
				ENABLE_STRICT_OBJC_MSGSEND = YES;
				GCC_C_LANGUAGE_STANDARD = gnu11;
				GCC_NO_COMMON_BLOCKS = YES;
				GCC_WARN_64_TO_32_BIT_CONVERSION = YES;
				GCC_WARN_ABOUT_RETURN_TYPE = YES_ERROR;
				GCC_WARN_UNDECLARED_SELECTOR = YES;
				GCC_WARN_UNINITIALIZED_AUTOS = YES_AGGRESSIVE;
				GCC_WARN_UNUSED_FUNCTION = YES;
				GCC_WARN_UNUSED_VARIABLE = YES;
				IPHONEOS_DEPLOYMENT_TARGET = 11.2;
				MTL_ENABLE_DEBUG_INFO = NO;
				SDKROOT = iphoneos;
				SWIFT_OPTIMIZATION_LEVEL = "-Owholemodule";
				VALIDATE_PRODUCT = YES;
			};
			name = Release;
		};
		153CAA162097EDE900CBA178 /* Debug */ = {
			isa = XCBuildConfiguration;
			buildSettings = {
				ASSETCATALOG_COMPILER_APPICON_NAME = AppIcon;
				CODE_SIGN_STYLE = Automatic;
				DEVELOPMENT_TEAM = 47Y24KH2J4;
				INFOPLIST_FILE = Meditate/Info.plist;
				LD_RUNPATH_SEARCH_PATHS = "$(inherited) @executable_path/Frameworks";
				PRODUCT_BUNDLE_IDENTIFIER = paulwolo.umd.edu.Meditate;
				PRODUCT_NAME = "$(TARGET_NAME)";
				SWIFT_VERSION = 4.0;
				TARGETED_DEVICE_FAMILY = 1;
			};
			name = Debug;
		};
		153CAA172097EDE900CBA178 /* Release */ = {
			isa = XCBuildConfiguration;
			buildSettings = {
				ASSETCATALOG_COMPILER_APPICON_NAME = AppIcon;
				CODE_SIGN_STYLE = Automatic;
				DEVELOPMENT_TEAM = 47Y24KH2J4;
				INFOPLIST_FILE = Meditate/Info.plist;
				LD_RUNPATH_SEARCH_PATHS = "$(inherited) @executable_path/Frameworks";
				PRODUCT_BUNDLE_IDENTIFIER = paulwolo.umd.edu.Meditate;
				PRODUCT_NAME = "$(TARGET_NAME)";
				SWIFT_VERSION = 4.0;
				TARGETED_DEVICE_FAMILY = 1;
			};
			name = Release;
		};
/* End XCBuildConfiguration section */

/* Begin XCConfigurationList section */
		153CA9FE2097EDE900CBA178 /* Build configuration list for PBXProject "Meditate" */ = {
			isa = XCConfigurationList;
			buildConfigurations = (
				153CAA132097EDE900CBA178 /* Debug */,
				153CAA142097EDE900CBA178 /* Release */,
			);
			defaultConfigurationIsVisible = 0;
			defaultConfigurationName = Release;
		};
		153CAA152097EDE900CBA178 /* Build configuration list for PBXNativeTarget "Meditate" */ = {
			isa = XCConfigurationList;
			buildConfigurations = (
				153CAA162097EDE900CBA178 /* Debug */,
				153CAA172097EDE900CBA178 /* Release */,
			);
			defaultConfigurationIsVisible = 0;
			defaultConfigurationName = Release;
		};
/* End XCConfigurationList section */
	};
	rootObject = 153CA9FB2097EDE900CBA178 /* Project object */;
}
